
Microsoft Visual Studio Solution File, Format Version 12.00
# Visual Studio Version 17
VisualStudioVersion = 17.5.33502.453
MinimumVisualStudioVersion = 10.0.40219.1
Project("{FAE04EC0-301F-11D3-BF4B-00C04F79EFBC}") = "AccountService", "AccountService\AccountService.csproj", "{D2130816-4C85-407F-9731-6DDE72055417}"
EndProject
Project("{FAE04EC0-301F-11D3-BF4B-00C04F79EFBC}") = "MovementService", "MovementService\MovementService.csproj", "{54742CCE-A923-4085-B63E-78609FDCE33A}"
EndProject
Project("{FAE04EC0-301F-11D3-BF4B-00C04F79EFBC}") = "NotificationService", "NotificationService\NotificationService.csproj", "{0E3C8705-22F2-4F96-A473-AAC2E5299920}"
EndProject
Global
	GlobalSection(SolutionConfigurationPlatforms) = preSolution
		Debug|Any CPU = Debug|Any CPU
		Release|Any CPU = Release|Any CPU
	EndGlobalSection
	GlobalSection(ProjectConfigurationPlatforms) = postSolution
		{D2130816-4C85-407F-9731-6DDE72055417}.Debug|Any CPU.ActiveCfg = Debug|Any CPU
		{D2130816-4C85-407F-9731-6DDE72055417}.Debug|Any CPU.Build.0 = Debug|Any CPU
		{D2130816-4C85-407F-9731-6DDE72055417}.Release|Any CPU.ActiveCfg = Release|Any CPU
		{D2130816-4C85-407F-9731-6DDE72055417}.Release|Any CPU.Build.0 = Release|Any CPU
		{54742CCE-A923-4085-B63E-78609FDCE33A}.Debug|Any CPU.ActiveCfg = Debug|Any CPU
		{54742CCE-A923-4085-B63E-78609FDCE33A}.Debug|Any CPU.Build.0 = Debug|Any CPU
		{54742CCE-A923-4085-B63E-78609FDCE33A}.Release|Any CPU.ActiveCfg = Release|Any CPU
		{54742CCE-A923-4085-B63E-78609FDCE33A}.Release|Any CPU.Build.0 = Release|Any CPU
		{0E3C8705-22F2-4F96-A473-AAC2E5299920}.Debug|Any CPU.ActiveCfg = Debug|Any CPU
		{0E3C8705-22F2-4F96-A473-AAC2E5299920}.Debug|Any CPU.Build.0 = Debug|Any CPU
		{0E3C8705-22F2-4F96-A473-AAC2E5299920}.Release|Any CPU.ActiveCfg = Release|Any CPU
		{0E3C8705-22F2-4F96-A473-AAC2E5299920}.Release|Any CPU.Build.0 = Release|Any CPU
	EndGlobalSection
	GlobalSection(SolutionProperties) = preSolution
		HideSolutionNode = FALSE
	EndGlobalSection
	GlobalSection(ExtensibilityGlobals) = postSolution
		SolutionGuid = {DED65520-30A6-4B95-A781-A1461E7AA13F}
	EndGlobalSection
EndGlobal
